{
  "name": "questbook",
  "version": "1.0.0",
  "lockfileVersion": 3,
  "requires": true,
  "packages": {
    "": {
      "name": "questbook",
      "version": "1.0.0",
      "license": "ISC",
      "dependencies": {
        "@minecraft/server": "^1.6.0-beta.1.20.30-preview.24",
        "@minecraft/server-admin": "^1.0.0-beta.1.20.30-preview.24",
        "@minecraft/server-gametest": "^1.0.0-beta.1.20.30-preview.24",
        "@minecraft/server-net": "^1.0.0-beta.1.20.30-preview.24",
        "@minecraft/server-ui": "^1.2.0-beta.1.20.30-preview.24"
      }
    },
    "node_modules/@minecraft/server": {
      "version": "1.6.0-beta.1.20.30-preview.24",
      "resolved": "https://registry.npmjs.org/@minecraft/server/-/server-1.6.0-beta.1.20.30-preview.24.tgz",
      "integrity": "sha512-uCnFte+ysi3F4z9U1IKba3l1XbelaCv3XEtSLSc3TqpVTf0BegtQuhx+sLDyORd1qGC6rGD9dseg8NsJoJYG0w=="
    },
    "node_modules/@minecraft/server-admin": {
      "version": "1.0.0-beta.1.20.30-preview.24",
      "resolved": "https://registry.npmjs.org/@minecraft/server-admin/-/server-admin-1.0.0-beta.1.20.30-preview.24.tgz",
      "integrity": "sha512-wCCdspkbTTzZJgcdxePfxEX3ZOTxnDDKuP1K8j7IxpeNseL8wTpylWNHFfM+bks1NGtBibCyFiCHr0NJ0qDVnQ=="
    },
    "node_modules/@minecraft/server-gametest": {
      "version": "1.0.0-beta.1.20.30-preview.24",
      "resolved": "https://registry.npmjs.org/@minecraft/server-gametest/-/server-gametest-1.0.0-beta.1.20.30-preview.24.tgz",
      "integrity": "sha512-3zQngJsqr3E8Zjw/eWsuS/lcdWvjFdf/qqARLMXzQB/7yA+ReWzwveKaKk16iqM5fc88xe+cHerY9tXZLHiR9Q==",
      "dependencies": {
        "@minecraft/server": "^1.6.0-beta.1.20.30-preview.24"
      }
    },
    "node_modules/@minecraft/server-net": {
      "version": "1.0.0-beta.1.20.30-preview.24",
      "resolved": "https://registry.npmjs.org/@minecraft/server-net/-/server-net-1.0.0-beta.1.20.30-preview.24.tgz",
      "integrity": "sha512-vGS9K7efydZ3U+ij/wDtrSp7tzRc3jrzpC+yrODIeUxTBGJigH1TFv/LQSF7PzXe/+PGYVwDXu2rjdTyR1F9gg==",
      "dependencies": {
        "@minecraft/server-admin": "^1.0.0-beta.1.20.30-preview.24"
      }
    },
    "node_modules/@minecraft/server-ui": {
      "version": "1.2.0-beta.1.20.30-preview.24",
      "resolved": "https://registry.npmjs.org/@minecraft/server-ui/-/server-ui-1.2.0-beta.1.20.30-preview.24.tgz",
      "integrity": "sha512-fVbNAt7gqAyxDkCHSWuW5Xt9jhwIalfF/WMS5cKzuVDi+B9ojPA24mSTsurK3x9Sm8+DZXZxeCPl5K+YXn+RPg==",
      "dependencies": {
        "@minecraft/server": "^1.6.0-beta.1.20.30-preview.24"
      }
    }
  }
}
